
Microsoft Visual Studio Solution File, Format Version 12.00
# Visual Studio Version 16
VisualStudioVersion = 16.0.31515.178
MinimumVisualStudioVersion = 10.0.40219.1
Project("{8BC9CEB8-8B4A-11D0-8D11-00A0C91BC942}") = "Lab 5", "Lab 5\Lab 5.vcxproj", "{CD10FF7A-CDD7-464E-B051-B8F16791DCED}"
EndProject
Project("{8BC9CEB8-8B4A-11D0-8D11-00A0C91BC942}") = "Задание 2", "Задание 2\Задание 2.vcxproj", "{DF452B80-FD3B-45ED-8978-E0B9D216AE97}"
EndProject
Project("{8BC9CEB8-8B4A-11D0-8D11-00A0C91BC942}") = "Задание 1", "Задание 1\Задание 1.vcxproj", "{B896DF58-3148-4B09-9006-8F2065F284FA}"
EndProject
Project("{8BC9CEB8-8B4A-11D0-8D11-00A0C91BC942}") = "Задание 3.1", "Задание 3.1\Задание 3.1.vcxproj", "{257735C4-A8EC-4224-AD29-788D3D360A48}"
EndProject
Global
	GlobalSection(SolutionConfigurationPlatforms) = preSolution
		Debug|x64 = Debug|x64
		Debug|x86 = Debug|x86
		Release|x64 = Release|x64
		Release|x86 = Release|x86
	EndGlobalSection
	GlobalSection(ProjectConfigurationPlatforms) = postSolution
		{CD10FF7A-CDD7-464E-B051-B8F16791DCED}.Debug|x64.ActiveCfg = Debug|x64
		{CD10FF7A-CDD7-464E-B051-B8F16791DCED}.Debug|x64.Build.0 = Debug|x64
		{CD10FF7A-CDD7-464E-B051-B8F16791DCED}.Debug|x86.ActiveCfg = Debug|Win32
		{CD10FF7A-CDD7-464E-B051-B8F16791DCED}.Debug|x86.Build.0 = Debug|Win32
		{CD10FF7A-CDD7-464E-B051-B8F16791DCED}.Release|x64.ActiveCfg = Release|x64
		{CD10FF7A-CDD7-464E-B051-B8F16791DCED}.Release|x64.Build.0 = Release|x64
		{CD10FF7A-CDD7-464E-B051-B8F16791DCED}.Release|x86.ActiveCfg = Release|Win32
		{CD10FF7A-CDD7-464E-B051-B8F16791DCED}.Release|x86.Build.0 = Release|Win32
		{DF452B80-FD3B-45ED-8978-E0B9D216AE97}.Debug|x64.ActiveCfg = Debug|x64
		{DF452B80-FD3B-45ED-8978-E0B9D216AE97}.Debug|x64.Build.0 = Debug|x64
		{DF452B80-FD3B-45ED-8978-E0B9D216AE97}.Debug|x86.ActiveCfg = Debug|Win32
		{DF452B80-FD3B-45ED-8978-E0B9D216AE97}.Debug|x86.Build.0 = Debug|Win32
		{DF452B80-FD3B-45ED-8978-E0B9D216AE97}.Release|x64.ActiveCfg = Release|x64
		{DF452B80-FD3B-45ED-8978-E0B9D216AE97}.Release|x64.Build.0 = Release|x64
		{DF452B80-FD3B-45ED-8978-E0B9D216AE97}.Release|x86.ActiveCfg = Release|Win32
		{DF452B80-FD3B-45ED-8978-E0B9D216AE97}.Release|x86.Build.0 = Release|Win32
		{B896DF58-3148-4B09-9006-8F2065F284FA}.Debug|x64.ActiveCfg = Debug|x64
		{B896DF58-3148-4B09-9006-8F2065F284FA}.Debug|x64.Build.0 = Debug|x64
		{B896DF58-3148-4B09-9006-8F2065F284FA}.Debug|x86.ActiveCfg = Debug|Win32
		{B896DF58-3148-4B09-9006-8F2065F284FA}.Debug|x86.Build.0 = Debug|Win32
		{B896DF58-3148-4B09-9006-8F2065F284FA}.Release|x64.ActiveCfg = Release|x64
		{B896DF58-3148-4B09-9006-8F2065F284FA}.Release|x64.Build.0 = Release|x64
		{B896DF58-3148-4B09-9006-8F2065F284FA}.Release|x86.ActiveCfg = Release|Win32
		{B896DF58-3148-4B09-9006-8F2065F284FA}.Release|x86.Build.0 = Release|Win32
		{257735C4-A8EC-4224-AD29-788D3D360A48}.Debug|x64.ActiveCfg = Debug|x64
		{257735C4-A8EC-4224-AD29-788D3D360A48}.Debug|x64.Build.0 = Debug|x64
		{257735C4-A8EC-4224-AD29-788D3D360A48}.Debug|x86.ActiveCfg = Debug|Win32
		{257735C4-A8EC-4224-AD29-788D3D360A48}.Debug|x86.Build.0 = Debug|Win32
		{257735C4-A8EC-4224-AD29-788D3D360A48}.Release|x64.ActiveCfg = Release|x64
		{257735C4-A8EC-4224-AD29-788D3D360A48}.Release|x64.Build.0 = Release|x64
		{257735C4-A8EC-4224-AD29-788D3D360A48}.Release|x86.ActiveCfg = Release|Win32
		{257735C4-A8EC-4224-AD29-788D3D360A48}.Release|x86.Build.0 = Release|Win32
	EndGlobalSection
	GlobalSection(SolutionProperties) = preSolution
		HideSolutionNode = FALSE
	EndGlobalSection
	GlobalSection(ExtensibilityGlobals) = postSolution
		SolutionGuid = {8BABF407-2B5C-4CCE-89EB-91ABEF54601E}
	EndGlobalSection
EndGlobal
