
Microsoft Visual Studio Solution File, Format Version 12.00
# Visual Studio Version 16
VisualStudioVersion = 16.0.31515.178
MinimumVisualStudioVersion = 10.0.40219.1
Project("{8BC9CEB8-8B4A-11D0-8D11-00A0C91BC942}") = "Lab 6", "Lab 6\Lab 6.vcxproj", "{3370B5FF-642C-4EF2-A179-313AD0C56FE1}"
EndProject
Project("{8BC9CEB8-8B4A-11D0-8D11-00A0C91BC942}") = "Задание 1", "Задание 1\Задание 1.vcxproj", "{CA8E9314-6995-44FF-8FCA-0FF26848E1A1}"
EndProject
Project("{8BC9CEB8-8B4A-11D0-8D11-00A0C91BC942}") = "Задание 2", "Задание 2\Задание 2.vcxproj", "{7EFBEC47-74D4-48CA-AF6C-E38398795D3C}"
EndProject
Project("{8BC9CEB8-8B4A-11D0-8D11-00A0C91BC942}") = "Задание 3", "Задание 3\Задание 3.vcxproj", "{41B9FA1D-5DD5-4A63-8CDF-5B0D66C2B1B0}"
EndProject
Global
	GlobalSection(SolutionConfigurationPlatforms) = preSolution
		Debug|x64 = Debug|x64
		Debug|x86 = Debug|x86
		Release|x64 = Release|x64
		Release|x86 = Release|x86
	EndGlobalSection
	GlobalSection(ProjectConfigurationPlatforms) = postSolution
		{3370B5FF-642C-4EF2-A179-313AD0C56FE1}.Debug|x64.ActiveCfg = Debug|x64
		{3370B5FF-642C-4EF2-A179-313AD0C56FE1}.Debug|x64.Build.0 = Debug|x64
		{3370B5FF-642C-4EF2-A179-313AD0C56FE1}.Debug|x86.ActiveCfg = Debug|Win32
		{3370B5FF-642C-4EF2-A179-313AD0C56FE1}.Debug|x86.Build.0 = Debug|Win32
		{3370B5FF-642C-4EF2-A179-313AD0C56FE1}.Release|x64.ActiveCfg = Release|x64
		{3370B5FF-642C-4EF2-A179-313AD0C56FE1}.Release|x64.Build.0 = Release|x64
		{3370B5FF-642C-4EF2-A179-313AD0C56FE1}.Release|x86.ActiveCfg = Release|Win32
		{3370B5FF-642C-4EF2-A179-313AD0C56FE1}.Release|x86.Build.0 = Release|Win32
		{CA8E9314-6995-44FF-8FCA-0FF26848E1A1}.Debug|x64.ActiveCfg = Debug|x64
		{CA8E9314-6995-44FF-8FCA-0FF26848E1A1}.Debug|x64.Build.0 = Debug|x64
		{CA8E9314-6995-44FF-8FCA-0FF26848E1A1}.Debug|x86.ActiveCfg = Debug|Win32
		{CA8E9314-6995-44FF-8FCA-0FF26848E1A1}.Debug|x86.Build.0 = Debug|Win32
		{CA8E9314-6995-44FF-8FCA-0FF26848E1A1}.Release|x64.ActiveCfg = Release|x64
		{CA8E9314-6995-44FF-8FCA-0FF26848E1A1}.Release|x64.Build.0 = Release|x64
		{CA8E9314-6995-44FF-8FCA-0FF26848E1A1}.Release|x86.ActiveCfg = Release|Win32
		{CA8E9314-6995-44FF-8FCA-0FF26848E1A1}.Release|x86.Build.0 = Release|Win32
		{7EFBEC47-74D4-48CA-AF6C-E38398795D3C}.Debug|x64.ActiveCfg = Debug|x64
		{7EFBEC47-74D4-48CA-AF6C-E38398795D3C}.Debug|x64.Build.0 = Debug|x64
		{7EFBEC47-74D4-48CA-AF6C-E38398795D3C}.Debug|x86.ActiveCfg = Debug|Win32
		{7EFBEC47-74D4-48CA-AF6C-E38398795D3C}.Debug|x86.Build.0 = Debug|Win32
		{7EFBEC47-74D4-48CA-AF6C-E38398795D3C}.Release|x64.ActiveCfg = Release|x64
		{7EFBEC47-74D4-48CA-AF6C-E38398795D3C}.Release|x64.Build.0 = Release|x64
		{7EFBEC47-74D4-48CA-AF6C-E38398795D3C}.Release|x86.ActiveCfg = Release|Win32
		{7EFBEC47-74D4-48CA-AF6C-E38398795D3C}.Release|x86.Build.0 = Release|Win32
		{41B9FA1D-5DD5-4A63-8CDF-5B0D66C2B1B0}.Debug|x64.ActiveCfg = Debug|x64
		{41B9FA1D-5DD5-4A63-8CDF-5B0D66C2B1B0}.Debug|x64.Build.0 = Debug|x64
		{41B9FA1D-5DD5-4A63-8CDF-5B0D66C2B1B0}.Debug|x86.ActiveCfg = Debug|Win32
		{41B9FA1D-5DD5-4A63-8CDF-5B0D66C2B1B0}.Debug|x86.Build.0 = Debug|Win32
		{41B9FA1D-5DD5-4A63-8CDF-5B0D66C2B1B0}.Release|x64.ActiveCfg = Release|x64
		{41B9FA1D-5DD5-4A63-8CDF-5B0D66C2B1B0}.Release|x64.Build.0 = Release|x64
		{41B9FA1D-5DD5-4A63-8CDF-5B0D66C2B1B0}.Release|x86.ActiveCfg = Release|Win32
		{41B9FA1D-5DD5-4A63-8CDF-5B0D66C2B1B0}.Release|x86.Build.0 = Release|Win32
	EndGlobalSection
	GlobalSection(SolutionProperties) = preSolution
		HideSolutionNode = FALSE
	EndGlobalSection
	GlobalSection(ExtensibilityGlobals) = postSolution
		SolutionGuid = {5EBB9FBE-F585-41C5-9848-F6CAA7FE618D}
	EndGlobalSection
EndGlobal
