
Microsoft Visual Studio Solution File, Format Version 12.00
# Visual Studio Version 16
VisualStudioVersion = 16.0.31515.178
MinimumVisualStudioVersion = 10.0.40219.1
Project("{8BC9CEB8-8B4A-11D0-8D11-00A0C91BC942}") = "Задание 1", "Задание 1\Задание 1.vcxproj", "{CA8E9314-6995-44FF-8FCA-0FF26848E1A1}"
EndProject
Project("{8BC9CEB8-8B4A-11D0-8D11-00A0C91BC942}") = "Задание 2", "Задание 2\Задание 2.vcxproj", "{7EFBEC47-74D4-48CA-AF6C-E38398795D3C}"
EndProject
Project("{8BC9CEB8-8B4A-11D0-8D11-00A0C91BC942}") = "Задание 3", "Задание 3\Задание 3.vcxproj", "{41B9FA1D-5DD5-4A63-8CDF-5B0D66C2B1B0}"
EndProject
Project("{8BC9CEB8-8B4A-11D0-8D11-00A0C91BC942}") = "Задание 4", "Задание 4\Задание 4.vcxproj", "{3F97579A-FDFD-4292-8F9E-FF36C9657599}"
EndProject
Project("{8BC9CEB8-8B4A-11D0-8D11-00A0C91BC942}") = "Задание 5", "Задание 5\Задание 5.vcxproj", "{B9C03C2D-73B5-4D2E-9B05-7D9F163662A1}"
EndProject
Project("{8BC9CEB8-8B4A-11D0-8D11-00A0C91BC942}") = "Задание 6", "Задание 6\Задание 6.vcxproj", "{90D37634-EDB8-4974-AEE2-A221C3AE7073}"
EndProject
Project("{8BC9CEB8-8B4A-11D0-8D11-00A0C91BC942}") = "Задание 7", "Задание 7\Задание 7.vcxproj", "{D80D9172-09C9-499B-9B0D-D46DCF1294C4}"
EndProject
Project("{8BC9CEB8-8B4A-11D0-8D11-00A0C91BC942}") = "Задание 8", "Задание 8\Задание 8.vcxproj", "{1765AFEC-1134-44F3-9EB1-87D3A73A81DB}"
EndProject
Project("{8BC9CEB8-8B4A-11D0-8D11-00A0C91BC942}") = "Задание 9", "Задание 9\Задание 9.vcxproj", "{D73D2FBB-6379-432E-A5F0-80DDCA9C152E}"
EndProject
Project("{8BC9CEB8-8B4A-11D0-8D11-00A0C91BC942}") = "task1test", "task 1\task 1.vcxproj", "{8DCD25D4-1B14-41C2-B25E-C4C788CEE0F1}"
EndProject
Project("{8BC9CEB8-8B4A-11D0-8D11-00A0C91BC942}") = "task2test", "task2test\task2test.vcxproj", "{23BD7E41-1BF6-4FC8-BD23-E27F518EBF49}"
EndProject
Project("{8BC9CEB8-8B4A-11D0-8D11-00A0C91BC942}") = "Task3test", "Task3test\Task3test.vcxproj", "{A9204541-645D-4172-831C-34A3E8936631}"
EndProject
Project("{8BC9CEB8-8B4A-11D0-8D11-00A0C91BC942}") = "Task4test", "Task4test\Task4test.vcxproj", "{8C7DE235-5E72-4D7B-80D8-AE760DD389A9}"
EndProject
Project("{8BC9CEB8-8B4A-11D0-8D11-00A0C91BC942}") = "Task5test", "Task5test\Task5test.vcxproj", "{DE7F29CE-4CC8-49BF-ACF1-A6F3A3CC42EB}"
EndProject
Project("{8BC9CEB8-8B4A-11D0-8D11-00A0C91BC942}") = "Task6test", "Task6test\Task6test.vcxproj", "{BCB2F1E6-27CD-44B8-8E66-EBA68152990E}"
EndProject
Project("{8BC9CEB8-8B4A-11D0-8D11-00A0C91BC942}") = "Task7test", "Task7test\Task7test.vcxproj", "{1F875909-21B5-4AB0-A220-A00FDC275746}"
EndProject
Project("{8BC9CEB8-8B4A-11D0-8D11-00A0C91BC942}") = "Task8test", "Task8test\Task8test.vcxproj", "{D019EA9E-4EAF-41CA-A08B-2BF2B97541D2}"
EndProject
Project("{8BC9CEB8-8B4A-11D0-8D11-00A0C91BC942}") = "Task9test", "Task9test\Task9test.vcxproj", "{A5A464CF-B770-461A-97E5-27065853B29C}"
EndProject
Global
	GlobalSection(SolutionConfigurationPlatforms) = preSolution
		Debug|x64 = Debug|x64
		Debug|x86 = Debug|x86
		Release|x64 = Release|x64
		Release|x86 = Release|x86
	EndGlobalSection
	GlobalSection(ProjectConfigurationPlatforms) = postSolution
		{CA8E9314-6995-44FF-8FCA-0FF26848E1A1}.Debug|x64.ActiveCfg = Debug|x64
		{CA8E9314-6995-44FF-8FCA-0FF26848E1A1}.Debug|x64.Build.0 = Debug|x64
		{CA8E9314-6995-44FF-8FCA-0FF26848E1A1}.Debug|x86.ActiveCfg = Debug|Win32
		{CA8E9314-6995-44FF-8FCA-0FF26848E1A1}.Debug|x86.Build.0 = Debug|Win32
		{CA8E9314-6995-44FF-8FCA-0FF26848E1A1}.Release|x64.ActiveCfg = Release|x64
		{CA8E9314-6995-44FF-8FCA-0FF26848E1A1}.Release|x64.Build.0 = Release|x64
		{CA8E9314-6995-44FF-8FCA-0FF26848E1A1}.Release|x86.ActiveCfg = Release|Win32
		{CA8E9314-6995-44FF-8FCA-0FF26848E1A1}.Release|x86.Build.0 = Release|Win32
		{7EFBEC47-74D4-48CA-AF6C-E38398795D3C}.Debug|x64.ActiveCfg = Debug|x64
		{7EFBEC47-74D4-48CA-AF6C-E38398795D3C}.Debug|x64.Build.0 = Debug|x64
		{7EFBEC47-74D4-48CA-AF6C-E38398795D3C}.Debug|x86.ActiveCfg = Debug|Win32
		{7EFBEC47-74D4-48CA-AF6C-E38398795D3C}.Debug|x86.Build.0 = Debug|Win32
		{7EFBEC47-74D4-48CA-AF6C-E38398795D3C}.Release|x64.ActiveCfg = Release|x64
		{7EFBEC47-74D4-48CA-AF6C-E38398795D3C}.Release|x64.Build.0 = Release|x64
		{7EFBEC47-74D4-48CA-AF6C-E38398795D3C}.Release|x86.ActiveCfg = Release|Win32
		{7EFBEC47-74D4-48CA-AF6C-E38398795D3C}.Release|x86.Build.0 = Release|Win32
		{41B9FA1D-5DD5-4A63-8CDF-5B0D66C2B1B0}.Debug|x64.ActiveCfg = Debug|x64
		{41B9FA1D-5DD5-4A63-8CDF-5B0D66C2B1B0}.Debug|x64.Build.0 = Debug|x64
		{41B9FA1D-5DD5-4A63-8CDF-5B0D66C2B1B0}.Debug|x86.ActiveCfg = Debug|Win32
		{41B9FA1D-5DD5-4A63-8CDF-5B0D66C2B1B0}.Debug|x86.Build.0 = Debug|Win32
		{41B9FA1D-5DD5-4A63-8CDF-5B0D66C2B1B0}.Release|x64.ActiveCfg = Release|x64
		{41B9FA1D-5DD5-4A63-8CDF-5B0D66C2B1B0}.Release|x64.Build.0 = Release|x64
		{41B9FA1D-5DD5-4A63-8CDF-5B0D66C2B1B0}.Release|x86.ActiveCfg = Release|Win32
		{41B9FA1D-5DD5-4A63-8CDF-5B0D66C2B1B0}.Release|x86.Build.0 = Release|Win32
		{3F97579A-FDFD-4292-8F9E-FF36C9657599}.Debug|x64.ActiveCfg = Debug|x64
		{3F97579A-FDFD-4292-8F9E-FF36C9657599}.Debug|x64.Build.0 = Debug|x64
		{3F97579A-FDFD-4292-8F9E-FF36C9657599}.Debug|x86.ActiveCfg = Debug|Win32
		{3F97579A-FDFD-4292-8F9E-FF36C9657599}.Debug|x86.Build.0 = Debug|Win32
		{3F97579A-FDFD-4292-8F9E-FF36C9657599}.Release|x64.ActiveCfg = Release|x64
		{3F97579A-FDFD-4292-8F9E-FF36C9657599}.Release|x64.Build.0 = Release|x64
		{3F97579A-FDFD-4292-8F9E-FF36C9657599}.Release|x86.ActiveCfg = Release|Win32
		{3F97579A-FDFD-4292-8F9E-FF36C9657599}.Release|x86.Build.0 = Release|Win32
		{B9C03C2D-73B5-4D2E-9B05-7D9F163662A1}.Debug|x64.ActiveCfg = Debug|x64
		{B9C03C2D-73B5-4D2E-9B05-7D9F163662A1}.Debug|x64.Build.0 = Debug|x64
		{B9C03C2D-73B5-4D2E-9B05-7D9F163662A1}.Debug|x86.ActiveCfg = Debug|Win32
		{B9C03C2D-73B5-4D2E-9B05-7D9F163662A1}.Debug|x86.Build.0 = Debug|Win32
		{B9C03C2D-73B5-4D2E-9B05-7D9F163662A1}.Release|x64.ActiveCfg = Release|x64
		{B9C03C2D-73B5-4D2E-9B05-7D9F163662A1}.Release|x64.Build.0 = Release|x64
		{B9C03C2D-73B5-4D2E-9B05-7D9F163662A1}.Release|x86.ActiveCfg = Release|Win32
		{B9C03C2D-73B5-4D2E-9B05-7D9F163662A1}.Release|x86.Build.0 = Release|Win32
		{90D37634-EDB8-4974-AEE2-A221C3AE7073}.Debug|x64.ActiveCfg = Debug|x64
		{90D37634-EDB8-4974-AEE2-A221C3AE7073}.Debug|x64.Build.0 = Debug|x64
		{90D37634-EDB8-4974-AEE2-A221C3AE7073}.Debug|x86.ActiveCfg = Debug|Win32
		{90D37634-EDB8-4974-AEE2-A221C3AE7073}.Debug|x86.Build.0 = Debug|Win32
		{90D37634-EDB8-4974-AEE2-A221C3AE7073}.Release|x64.ActiveCfg = Release|x64
		{90D37634-EDB8-4974-AEE2-A221C3AE7073}.Release|x64.Build.0 = Release|x64
		{90D37634-EDB8-4974-AEE2-A221C3AE7073}.Release|x86.ActiveCfg = Release|Win32
		{90D37634-EDB8-4974-AEE2-A221C3AE7073}.Release|x86.Build.0 = Release|Win32
		{D80D9172-09C9-499B-9B0D-D46DCF1294C4}.Debug|x64.ActiveCfg = Debug|x64
		{D80D9172-09C9-499B-9B0D-D46DCF1294C4}.Debug|x64.Build.0 = Debug|x64
		{D80D9172-09C9-499B-9B0D-D46DCF1294C4}.Debug|x86.ActiveCfg = Debug|Win32
		{D80D9172-09C9-499B-9B0D-D46DCF1294C4}.Debug|x86.Build.0 = Debug|Win32
		{D80D9172-09C9-499B-9B0D-D46DCF1294C4}.Release|x64.ActiveCfg = Release|x64
		{D80D9172-09C9-499B-9B0D-D46DCF1294C4}.Release|x64.Build.0 = Release|x64
		{D80D9172-09C9-499B-9B0D-D46DCF1294C4}.Release|x86.ActiveCfg = Release|Win32
		{D80D9172-09C9-499B-9B0D-D46DCF1294C4}.Release|x86.Build.0 = Release|Win32
		{1765AFEC-1134-44F3-9EB1-87D3A73A81DB}.Debug|x64.ActiveCfg = Debug|x64
		{1765AFEC-1134-44F3-9EB1-87D3A73A81DB}.Debug|x64.Build.0 = Debug|x64
		{1765AFEC-1134-44F3-9EB1-87D3A73A81DB}.Debug|x86.ActiveCfg = Debug|Win32
		{1765AFEC-1134-44F3-9EB1-87D3A73A81DB}.Debug|x86.Build.0 = Debug|Win32
		{1765AFEC-1134-44F3-9EB1-87D3A73A81DB}.Release|x64.ActiveCfg = Release|x64
		{1765AFEC-1134-44F3-9EB1-87D3A73A81DB}.Release|x64.Build.0 = Release|x64
		{1765AFEC-1134-44F3-9EB1-87D3A73A81DB}.Release|x86.ActiveCfg = Release|Win32
		{1765AFEC-1134-44F3-9EB1-87D3A73A81DB}.Release|x86.Build.0 = Release|Win32
		{D73D2FBB-6379-432E-A5F0-80DDCA9C152E}.Debug|x64.ActiveCfg = Debug|x64
		{D73D2FBB-6379-432E-A5F0-80DDCA9C152E}.Debug|x64.Build.0 = Debug|x64
		{D73D2FBB-6379-432E-A5F0-80DDCA9C152E}.Debug|x86.ActiveCfg = Debug|Win32
		{D73D2FBB-6379-432E-A5F0-80DDCA9C152E}.Debug|x86.Build.0 = Debug|Win32
		{D73D2FBB-6379-432E-A5F0-80DDCA9C152E}.Release|x64.ActiveCfg = Release|x64
		{D73D2FBB-6379-432E-A5F0-80DDCA9C152E}.Release|x64.Build.0 = Release|x64
		{D73D2FBB-6379-432E-A5F0-80DDCA9C152E}.Release|x86.ActiveCfg = Release|Win32
		{D73D2FBB-6379-432E-A5F0-80DDCA9C152E}.Release|x86.Build.0 = Release|Win32
		{8DCD25D4-1B14-41C2-B25E-C4C788CEE0F1}.Debug|x64.ActiveCfg = Debug|x64
		{8DCD25D4-1B14-41C2-B25E-C4C788CEE0F1}.Debug|x64.Build.0 = Debug|x64
		{8DCD25D4-1B14-41C2-B25E-C4C788CEE0F1}.Debug|x86.ActiveCfg = Debug|Win32
		{8DCD25D4-1B14-41C2-B25E-C4C788CEE0F1}.Debug|x86.Build.0 = Debug|Win32
		{8DCD25D4-1B14-41C2-B25E-C4C788CEE0F1}.Release|x64.ActiveCfg = Release|x64
		{8DCD25D4-1B14-41C2-B25E-C4C788CEE0F1}.Release|x64.Build.0 = Release|x64
		{8DCD25D4-1B14-41C2-B25E-C4C788CEE0F1}.Release|x86.ActiveCfg = Release|Win32
		{8DCD25D4-1B14-41C2-B25E-C4C788CEE0F1}.Release|x86.Build.0 = Release|Win32
		{23BD7E41-1BF6-4FC8-BD23-E27F518EBF49}.Debug|x64.ActiveCfg = Debug|x64
		{23BD7E41-1BF6-4FC8-BD23-E27F518EBF49}.Debug|x64.Build.0 = Debug|x64
		{23BD7E41-1BF6-4FC8-BD23-E27F518EBF49}.Debug|x86.ActiveCfg = Debug|Win32
		{23BD7E41-1BF6-4FC8-BD23-E27F518EBF49}.Debug|x86.Build.0 = Debug|Win32
		{23BD7E41-1BF6-4FC8-BD23-E27F518EBF49}.Release|x64.ActiveCfg = Release|x64
		{23BD7E41-1BF6-4FC8-BD23-E27F518EBF49}.Release|x64.Build.0 = Release|x64
		{23BD7E41-1BF6-4FC8-BD23-E27F518EBF49}.Release|x86.ActiveCfg = Release|Win32
		{23BD7E41-1BF6-4FC8-BD23-E27F518EBF49}.Release|x86.Build.0 = Release|Win32
		{A9204541-645D-4172-831C-34A3E8936631}.Debug|x64.ActiveCfg = Debug|x64
		{A9204541-645D-4172-831C-34A3E8936631}.Debug|x64.Build.0 = Debug|x64
		{A9204541-645D-4172-831C-34A3E8936631}.Debug|x86.ActiveCfg = Debug|Win32
		{A9204541-645D-4172-831C-34A3E8936631}.Debug|x86.Build.0 = Debug|Win32
		{A9204541-645D-4172-831C-34A3E8936631}.Release|x64.ActiveCfg = Release|x64
		{A9204541-645D-4172-831C-34A3E8936631}.Release|x64.Build.0 = Release|x64
		{A9204541-645D-4172-831C-34A3E8936631}.Release|x86.ActiveCfg = Release|Win32
		{A9204541-645D-4172-831C-34A3E8936631}.Release|x86.Build.0 = Release|Win32
		{8C7DE235-5E72-4D7B-80D8-AE760DD389A9}.Debug|x64.ActiveCfg = Debug|x64
		{8C7DE235-5E72-4D7B-80D8-AE760DD389A9}.Debug|x64.Build.0 = Debug|x64
		{8C7DE235-5E72-4D7B-80D8-AE760DD389A9}.Debug|x86.ActiveCfg = Debug|Win32
		{8C7DE235-5E72-4D7B-80D8-AE760DD389A9}.Debug|x86.Build.0 = Debug|Win32
		{8C7DE235-5E72-4D7B-80D8-AE760DD389A9}.Release|x64.ActiveCfg = Release|x64
		{8C7DE235-5E72-4D7B-80D8-AE760DD389A9}.Release|x64.Build.0 = Release|x64
		{8C7DE235-5E72-4D7B-80D8-AE760DD389A9}.Release|x86.ActiveCfg = Release|Win32
		{8C7DE235-5E72-4D7B-80D8-AE760DD389A9}.Release|x86.Build.0 = Release|Win32
		{DE7F29CE-4CC8-49BF-ACF1-A6F3A3CC42EB}.Debug|x64.ActiveCfg = Debug|x64
		{DE7F29CE-4CC8-49BF-ACF1-A6F3A3CC42EB}.Debug|x64.Build.0 = Debug|x64
		{DE7F29CE-4CC8-49BF-ACF1-A6F3A3CC42EB}.Debug|x86.ActiveCfg = Debug|Win32
		{DE7F29CE-4CC8-49BF-ACF1-A6F3A3CC42EB}.Debug|x86.Build.0 = Debug|Win32
		{DE7F29CE-4CC8-49BF-ACF1-A6F3A3CC42EB}.Release|x64.ActiveCfg = Release|x64
		{DE7F29CE-4CC8-49BF-ACF1-A6F3A3CC42EB}.Release|x64.Build.0 = Release|x64
		{DE7F29CE-4CC8-49BF-ACF1-A6F3A3CC42EB}.Release|x86.ActiveCfg = Release|Win32
		{DE7F29CE-4CC8-49BF-ACF1-A6F3A3CC42EB}.Release|x86.Build.0 = Release|Win32
		{BCB2F1E6-27CD-44B8-8E66-EBA68152990E}.Debug|x64.ActiveCfg = Debug|x64
		{BCB2F1E6-27CD-44B8-8E66-EBA68152990E}.Debug|x64.Build.0 = Debug|x64
		{BCB2F1E6-27CD-44B8-8E66-EBA68152990E}.Debug|x86.ActiveCfg = Debug|Win32
		{BCB2F1E6-27CD-44B8-8E66-EBA68152990E}.Debug|x86.Build.0 = Debug|Win32
		{BCB2F1E6-27CD-44B8-8E66-EBA68152990E}.Release|x64.ActiveCfg = Release|x64
		{BCB2F1E6-27CD-44B8-8E66-EBA68152990E}.Release|x64.Build.0 = Release|x64
		{BCB2F1E6-27CD-44B8-8E66-EBA68152990E}.Release|x86.ActiveCfg = Release|Win32
		{BCB2F1E6-27CD-44B8-8E66-EBA68152990E}.Release|x86.Build.0 = Release|Win32
		{1F875909-21B5-4AB0-A220-A00FDC275746}.Debug|x64.ActiveCfg = Debug|x64
		{1F875909-21B5-4AB0-A220-A00FDC275746}.Debug|x64.Build.0 = Debug|x64
		{1F875909-21B5-4AB0-A220-A00FDC275746}.Debug|x86.ActiveCfg = Debug|Win32
		{1F875909-21B5-4AB0-A220-A00FDC275746}.Debug|x86.Build.0 = Debug|Win32
		{1F875909-21B5-4AB0-A220-A00FDC275746}.Release|x64.ActiveCfg = Release|x64
		{1F875909-21B5-4AB0-A220-A00FDC275746}.Release|x64.Build.0 = Release|x64
		{1F875909-21B5-4AB0-A220-A00FDC275746}.Release|x86.ActiveCfg = Release|Win32
		{1F875909-21B5-4AB0-A220-A00FDC275746}.Release|x86.Build.0 = Release|Win32
		{D019EA9E-4EAF-41CA-A08B-2BF2B97541D2}.Debug|x64.ActiveCfg = Debug|x64
		{D019EA9E-4EAF-41CA-A08B-2BF2B97541D2}.Debug|x64.Build.0 = Debug|x64
		{D019EA9E-4EAF-41CA-A08B-2BF2B97541D2}.Debug|x86.ActiveCfg = Debug|Win32
		{D019EA9E-4EAF-41CA-A08B-2BF2B97541D2}.Debug|x86.Build.0 = Debug|Win32
		{D019EA9E-4EAF-41CA-A08B-2BF2B97541D2}.Release|x64.ActiveCfg = Release|x64
		{D019EA9E-4EAF-41CA-A08B-2BF2B97541D2}.Release|x64.Build.0 = Release|x64
		{D019EA9E-4EAF-41CA-A08B-2BF2B97541D2}.Release|x86.ActiveCfg = Release|Win32
		{D019EA9E-4EAF-41CA-A08B-2BF2B97541D2}.Release|x86.Build.0 = Release|Win32
		{A5A464CF-B770-461A-97E5-27065853B29C}.Debug|x64.ActiveCfg = Debug|x64
		{A5A464CF-B770-461A-97E5-27065853B29C}.Debug|x64.Build.0 = Debug|x64
		{A5A464CF-B770-461A-97E5-27065853B29C}.Debug|x86.ActiveCfg = Debug|Win32
		{A5A464CF-B770-461A-97E5-27065853B29C}.Debug|x86.Build.0 = Debug|Win32
		{A5A464CF-B770-461A-97E5-27065853B29C}.Release|x64.ActiveCfg = Release|x64
		{A5A464CF-B770-461A-97E5-27065853B29C}.Release|x64.Build.0 = Release|x64
		{A5A464CF-B770-461A-97E5-27065853B29C}.Release|x86.ActiveCfg = Release|Win32
		{A5A464CF-B770-461A-97E5-27065853B29C}.Release|x86.Build.0 = Release|Win32
	EndGlobalSection
	GlobalSection(SolutionProperties) = preSolution
		HideSolutionNode = FALSE
	EndGlobalSection
	GlobalSection(ExtensibilityGlobals) = postSolution
		SolutionGuid = {5EBB9FBE-F585-41C5-9848-F6CAA7FE618D}
	EndGlobalSection
EndGlobal
