
Microsoft Visual Studio Solution File, Format Version 12.00
# Visual Studio Version 16
VisualStudioVersion = 16.0.31515.178
MinimumVisualStudioVersion = 10.0.40219.1
Project("{8BC9CEB8-8B4A-11D0-8D11-00A0C91BC942}") = "Задание 1", "Задание 1\Задание 1.vcxproj", "{FF277ACF-C5E5-4FC6-B3AD-EE4C30EF3891}"
EndProject
Project("{8BC9CEB8-8B4A-11D0-8D11-00A0C91BC942}") = "Задание 2", "Задание 2\Задание 2.vcxproj", "{AD26DE51-8EF3-4A9D-AD97-758BABE9255C}"
EndProject
Project("{8BC9CEB8-8B4A-11D0-8D11-00A0C91BC942}") = "Задание 3", "Задание 3\Задание 3.vcxproj", "{48C6EB5A-DCE6-4D45-8BD5-A78D2C2A4D31}"
EndProject
Project("{8BC9CEB8-8B4A-11D0-8D11-00A0C91BC942}") = "Задание 4", "Задание 4\Задание 4.vcxproj", "{20BD8D45-E2B3-49A7-86C4-1FDFF8674069}"
EndProject
Project("{8BC9CEB8-8B4A-11D0-8D11-00A0C91BC942}") = "Задание 5", "Задание 5\Задание 5.vcxproj", "{6357AE91-1302-4EB8-AA31-C7DB7207CB68}"
EndProject
Project("{8BC9CEB8-8B4A-11D0-8D11-00A0C91BC942}") = "Задание 6", "Задание 6\Задание 6.vcxproj", "{07A49D93-1F3A-4BC9-89EA-192D31A7F9C3}"
EndProject
Project("{8BC9CEB8-8B4A-11D0-8D11-00A0C91BC942}") = "Задание 7", "Задание 7\Задание 7.vcxproj", "{75CE8CB5-8C9A-4411-89CD-ACE4374C78B1}"
EndProject
Project("{8BC9CEB8-8B4A-11D0-8D11-00A0C91BC942}") = "Задание 8", "Задание 8\Задание 8.vcxproj", "{DC8493F7-5500-4BDC-BF00-251921C646F4}"
EndProject
Project("{8BC9CEB8-8B4A-11D0-8D11-00A0C91BC942}") = "Задание 9", "Задание 9\Задание 9.vcxproj", "{747A0A2C-ECDC-4F74-B3EA-8E2DBE70135F}"
EndProject
Project("{8BC9CEB8-8B4A-11D0-8D11-00A0C91BC942}") = "Задание 10", "Задание 10\Задание 10.vcxproj", "{6C0ED86C-545F-45C5-96DD-411947C16653}"
EndProject
Project("{8BC9CEB8-8B4A-11D0-8D11-00A0C91BC942}") = "Задание 11", "Задание 11\Задание 11.vcxproj", "{A393B687-107E-4A79-AB66-6D724A8ED308}"
EndProject
Project("{8BC9CEB8-8B4A-11D0-8D11-00A0C91BC942}") = "Задание 12", "Задание 12\Задание 12.vcxproj", "{1FC414B9-CC99-41F9-92E2-9DA2DE33E381}"
EndProject
Project("{8BC9CEB8-8B4A-11D0-8D11-00A0C91BC942}") = "Задание 14", "Задание 14\Задание 14.vcxproj", "{C638C7E4-8A79-45F4-B1C1-4DBE8C51ABB7}"
EndProject
Project("{8BC9CEB8-8B4A-11D0-8D11-00A0C91BC942}") = "Задание 15", "Задание 15\Задание 15.vcxproj", "{70868568-F2D6-41E3-8DA1-44AF32B3AC68}"
EndProject
Project("{8BC9CEB8-8B4A-11D0-8D11-00A0C91BC942}") = "Задание 13", "Задание 13\Задание 13.vcxproj", "{850B8CEA-EE6D-476A-86D1-89037A9D2AD1}"
EndProject
Project("{8BC9CEB8-8B4A-11D0-8D11-00A0C91BC942}") = "гребанная сортировка", "гребанная сортировка\гребанная сортировка.vcxproj", "{C0AAD5D6-3EE1-4A31-BE46-724539E7D8BC}"
EndProject
Global
	GlobalSection(SolutionConfigurationPlatforms) = preSolution
		Debug|x64 = Debug|x64
		Debug|x86 = Debug|x86
		Release|x64 = Release|x64
		Release|x86 = Release|x86
	EndGlobalSection
	GlobalSection(ProjectConfigurationPlatforms) = postSolution
		{FF277ACF-C5E5-4FC6-B3AD-EE4C30EF3891}.Debug|x64.ActiveCfg = Debug|x64
		{FF277ACF-C5E5-4FC6-B3AD-EE4C30EF3891}.Debug|x64.Build.0 = Debug|x64
		{FF277ACF-C5E5-4FC6-B3AD-EE4C30EF3891}.Debug|x86.ActiveCfg = Debug|Win32
		{FF277ACF-C5E5-4FC6-B3AD-EE4C30EF3891}.Debug|x86.Build.0 = Debug|Win32
		{FF277ACF-C5E5-4FC6-B3AD-EE4C30EF3891}.Release|x64.ActiveCfg = Release|x64
		{FF277ACF-C5E5-4FC6-B3AD-EE4C30EF3891}.Release|x64.Build.0 = Release|x64
		{FF277ACF-C5E5-4FC6-B3AD-EE4C30EF3891}.Release|x86.ActiveCfg = Release|Win32
		{FF277ACF-C5E5-4FC6-B3AD-EE4C30EF3891}.Release|x86.Build.0 = Release|Win32
		{AD26DE51-8EF3-4A9D-AD97-758BABE9255C}.Debug|x64.ActiveCfg = Debug|x64
		{AD26DE51-8EF3-4A9D-AD97-758BABE9255C}.Debug|x64.Build.0 = Debug|x64
		{AD26DE51-8EF3-4A9D-AD97-758BABE9255C}.Debug|x86.ActiveCfg = Debug|Win32
		{AD26DE51-8EF3-4A9D-AD97-758BABE9255C}.Debug|x86.Build.0 = Debug|Win32
		{AD26DE51-8EF3-4A9D-AD97-758BABE9255C}.Release|x64.ActiveCfg = Release|x64
		{AD26DE51-8EF3-4A9D-AD97-758BABE9255C}.Release|x64.Build.0 = Release|x64
		{AD26DE51-8EF3-4A9D-AD97-758BABE9255C}.Release|x86.ActiveCfg = Release|Win32
		{AD26DE51-8EF3-4A9D-AD97-758BABE9255C}.Release|x86.Build.0 = Release|Win32
		{48C6EB5A-DCE6-4D45-8BD5-A78D2C2A4D31}.Debug|x64.ActiveCfg = Debug|x64
		{48C6EB5A-DCE6-4D45-8BD5-A78D2C2A4D31}.Debug|x64.Build.0 = Debug|x64
		{48C6EB5A-DCE6-4D45-8BD5-A78D2C2A4D31}.Debug|x86.ActiveCfg = Debug|Win32
		{48C6EB5A-DCE6-4D45-8BD5-A78D2C2A4D31}.Debug|x86.Build.0 = Debug|Win32
		{48C6EB5A-DCE6-4D45-8BD5-A78D2C2A4D31}.Release|x64.ActiveCfg = Release|x64
		{48C6EB5A-DCE6-4D45-8BD5-A78D2C2A4D31}.Release|x64.Build.0 = Release|x64
		{48C6EB5A-DCE6-4D45-8BD5-A78D2C2A4D31}.Release|x86.ActiveCfg = Release|Win32
		{48C6EB5A-DCE6-4D45-8BD5-A78D2C2A4D31}.Release|x86.Build.0 = Release|Win32
		{20BD8D45-E2B3-49A7-86C4-1FDFF8674069}.Debug|x64.ActiveCfg = Debug|x64
		{20BD8D45-E2B3-49A7-86C4-1FDFF8674069}.Debug|x64.Build.0 = Debug|x64
		{20BD8D45-E2B3-49A7-86C4-1FDFF8674069}.Debug|x86.ActiveCfg = Debug|Win32
		{20BD8D45-E2B3-49A7-86C4-1FDFF8674069}.Debug|x86.Build.0 = Debug|Win32
		{20BD8D45-E2B3-49A7-86C4-1FDFF8674069}.Release|x64.ActiveCfg = Release|x64
		{20BD8D45-E2B3-49A7-86C4-1FDFF8674069}.Release|x64.Build.0 = Release|x64
		{20BD8D45-E2B3-49A7-86C4-1FDFF8674069}.Release|x86.ActiveCfg = Release|Win32
		{20BD8D45-E2B3-49A7-86C4-1FDFF8674069}.Release|x86.Build.0 = Release|Win32
		{6357AE91-1302-4EB8-AA31-C7DB7207CB68}.Debug|x64.ActiveCfg = Debug|x64
		{6357AE91-1302-4EB8-AA31-C7DB7207CB68}.Debug|x64.Build.0 = Debug|x64
		{6357AE91-1302-4EB8-AA31-C7DB7207CB68}.Debug|x86.ActiveCfg = Debug|Win32
		{6357AE91-1302-4EB8-AA31-C7DB7207CB68}.Debug|x86.Build.0 = Debug|Win32
		{6357AE91-1302-4EB8-AA31-C7DB7207CB68}.Release|x64.ActiveCfg = Release|x64
		{6357AE91-1302-4EB8-AA31-C7DB7207CB68}.Release|x64.Build.0 = Release|x64
		{6357AE91-1302-4EB8-AA31-C7DB7207CB68}.Release|x86.ActiveCfg = Release|Win32
		{6357AE91-1302-4EB8-AA31-C7DB7207CB68}.Release|x86.Build.0 = Release|Win32
		{07A49D93-1F3A-4BC9-89EA-192D31A7F9C3}.Debug|x64.ActiveCfg = Debug|x64
		{07A49D93-1F3A-4BC9-89EA-192D31A7F9C3}.Debug|x64.Build.0 = Debug|x64
		{07A49D93-1F3A-4BC9-89EA-192D31A7F9C3}.Debug|x86.ActiveCfg = Debug|Win32
		{07A49D93-1F3A-4BC9-89EA-192D31A7F9C3}.Debug|x86.Build.0 = Debug|Win32
		{07A49D93-1F3A-4BC9-89EA-192D31A7F9C3}.Release|x64.ActiveCfg = Release|x64
		{07A49D93-1F3A-4BC9-89EA-192D31A7F9C3}.Release|x64.Build.0 = Release|x64
		{07A49D93-1F3A-4BC9-89EA-192D31A7F9C3}.Release|x86.ActiveCfg = Release|Win32
		{07A49D93-1F3A-4BC9-89EA-192D31A7F9C3}.Release|x86.Build.0 = Release|Win32
		{75CE8CB5-8C9A-4411-89CD-ACE4374C78B1}.Debug|x64.ActiveCfg = Debug|x64
		{75CE8CB5-8C9A-4411-89CD-ACE4374C78B1}.Debug|x64.Build.0 = Debug|x64
		{75CE8CB5-8C9A-4411-89CD-ACE4374C78B1}.Debug|x86.ActiveCfg = Debug|Win32
		{75CE8CB5-8C9A-4411-89CD-ACE4374C78B1}.Debug|x86.Build.0 = Debug|Win32
		{75CE8CB5-8C9A-4411-89CD-ACE4374C78B1}.Release|x64.ActiveCfg = Release|x64
		{75CE8CB5-8C9A-4411-89CD-ACE4374C78B1}.Release|x64.Build.0 = Release|x64
		{75CE8CB5-8C9A-4411-89CD-ACE4374C78B1}.Release|x86.ActiveCfg = Release|Win32
		{75CE8CB5-8C9A-4411-89CD-ACE4374C78B1}.Release|x86.Build.0 = Release|Win32
		{DC8493F7-5500-4BDC-BF00-251921C646F4}.Debug|x64.ActiveCfg = Debug|x64
		{DC8493F7-5500-4BDC-BF00-251921C646F4}.Debug|x64.Build.0 = Debug|x64
		{DC8493F7-5500-4BDC-BF00-251921C646F4}.Debug|x86.ActiveCfg = Debug|Win32
		{DC8493F7-5500-4BDC-BF00-251921C646F4}.Debug|x86.Build.0 = Debug|Win32
		{DC8493F7-5500-4BDC-BF00-251921C646F4}.Release|x64.ActiveCfg = Release|x64
		{DC8493F7-5500-4BDC-BF00-251921C646F4}.Release|x64.Build.0 = Release|x64
		{DC8493F7-5500-4BDC-BF00-251921C646F4}.Release|x86.ActiveCfg = Release|Win32
		{DC8493F7-5500-4BDC-BF00-251921C646F4}.Release|x86.Build.0 = Release|Win32
		{747A0A2C-ECDC-4F74-B3EA-8E2DBE70135F}.Debug|x64.ActiveCfg = Debug|x64
		{747A0A2C-ECDC-4F74-B3EA-8E2DBE70135F}.Debug|x64.Build.0 = Debug|x64
		{747A0A2C-ECDC-4F74-B3EA-8E2DBE70135F}.Debug|x86.ActiveCfg = Debug|Win32
		{747A0A2C-ECDC-4F74-B3EA-8E2DBE70135F}.Debug|x86.Build.0 = Debug|Win32
		{747A0A2C-ECDC-4F74-B3EA-8E2DBE70135F}.Release|x64.ActiveCfg = Release|x64
		{747A0A2C-ECDC-4F74-B3EA-8E2DBE70135F}.Release|x64.Build.0 = Release|x64
		{747A0A2C-ECDC-4F74-B3EA-8E2DBE70135F}.Release|x86.ActiveCfg = Release|Win32
		{747A0A2C-ECDC-4F74-B3EA-8E2DBE70135F}.Release|x86.Build.0 = Release|Win32
		{6C0ED86C-545F-45C5-96DD-411947C16653}.Debug|x64.ActiveCfg = Debug|x64
		{6C0ED86C-545F-45C5-96DD-411947C16653}.Debug|x64.Build.0 = Debug|x64
		{6C0ED86C-545F-45C5-96DD-411947C16653}.Debug|x86.ActiveCfg = Debug|Win32
		{6C0ED86C-545F-45C5-96DD-411947C16653}.Debug|x86.Build.0 = Debug|Win32
		{6C0ED86C-545F-45C5-96DD-411947C16653}.Release|x64.ActiveCfg = Release|x64
		{6C0ED86C-545F-45C5-96DD-411947C16653}.Release|x64.Build.0 = Release|x64
		{6C0ED86C-545F-45C5-96DD-411947C16653}.Release|x86.ActiveCfg = Release|Win32
		{6C0ED86C-545F-45C5-96DD-411947C16653}.Release|x86.Build.0 = Release|Win32
		{A393B687-107E-4A79-AB66-6D724A8ED308}.Debug|x64.ActiveCfg = Debug|x64
		{A393B687-107E-4A79-AB66-6D724A8ED308}.Debug|x64.Build.0 = Debug|x64
		{A393B687-107E-4A79-AB66-6D724A8ED308}.Debug|x86.ActiveCfg = Debug|Win32
		{A393B687-107E-4A79-AB66-6D724A8ED308}.Debug|x86.Build.0 = Debug|Win32
		{A393B687-107E-4A79-AB66-6D724A8ED308}.Release|x64.ActiveCfg = Release|x64
		{A393B687-107E-4A79-AB66-6D724A8ED308}.Release|x64.Build.0 = Release|x64
		{A393B687-107E-4A79-AB66-6D724A8ED308}.Release|x86.ActiveCfg = Release|Win32
		{A393B687-107E-4A79-AB66-6D724A8ED308}.Release|x86.Build.0 = Release|Win32
		{1FC414B9-CC99-41F9-92E2-9DA2DE33E381}.Debug|x64.ActiveCfg = Debug|x64
		{1FC414B9-CC99-41F9-92E2-9DA2DE33E381}.Debug|x64.Build.0 = Debug|x64
		{1FC414B9-CC99-41F9-92E2-9DA2DE33E381}.Debug|x86.ActiveCfg = Debug|Win32
		{1FC414B9-CC99-41F9-92E2-9DA2DE33E381}.Debug|x86.Build.0 = Debug|Win32
		{1FC414B9-CC99-41F9-92E2-9DA2DE33E381}.Release|x64.ActiveCfg = Release|x64
		{1FC414B9-CC99-41F9-92E2-9DA2DE33E381}.Release|x64.Build.0 = Release|x64
		{1FC414B9-CC99-41F9-92E2-9DA2DE33E381}.Release|x86.ActiveCfg = Release|Win32
		{1FC414B9-CC99-41F9-92E2-9DA2DE33E381}.Release|x86.Build.0 = Release|Win32
		{C638C7E4-8A79-45F4-B1C1-4DBE8C51ABB7}.Debug|x64.ActiveCfg = Debug|x64
		{C638C7E4-8A79-45F4-B1C1-4DBE8C51ABB7}.Debug|x64.Build.0 = Debug|x64
		{C638C7E4-8A79-45F4-B1C1-4DBE8C51ABB7}.Debug|x86.ActiveCfg = Debug|Win32
		{C638C7E4-8A79-45F4-B1C1-4DBE8C51ABB7}.Debug|x86.Build.0 = Debug|Win32
		{C638C7E4-8A79-45F4-B1C1-4DBE8C51ABB7}.Release|x64.ActiveCfg = Release|x64
		{C638C7E4-8A79-45F4-B1C1-4DBE8C51ABB7}.Release|x64.Build.0 = Release|x64
		{C638C7E4-8A79-45F4-B1C1-4DBE8C51ABB7}.Release|x86.ActiveCfg = Release|Win32
		{C638C7E4-8A79-45F4-B1C1-4DBE8C51ABB7}.Release|x86.Build.0 = Release|Win32
		{70868568-F2D6-41E3-8DA1-44AF32B3AC68}.Debug|x64.ActiveCfg = Debug|x64
		{70868568-F2D6-41E3-8DA1-44AF32B3AC68}.Debug|x64.Build.0 = Debug|x64
		{70868568-F2D6-41E3-8DA1-44AF32B3AC68}.Debug|x86.ActiveCfg = Debug|Win32
		{70868568-F2D6-41E3-8DA1-44AF32B3AC68}.Debug|x86.Build.0 = Debug|Win32
		{70868568-F2D6-41E3-8DA1-44AF32B3AC68}.Release|x64.ActiveCfg = Release|x64
		{70868568-F2D6-41E3-8DA1-44AF32B3AC68}.Release|x64.Build.0 = Release|x64
		{70868568-F2D6-41E3-8DA1-44AF32B3AC68}.Release|x86.ActiveCfg = Release|Win32
		{70868568-F2D6-41E3-8DA1-44AF32B3AC68}.Release|x86.Build.0 = Release|Win32
		{850B8CEA-EE6D-476A-86D1-89037A9D2AD1}.Debug|x64.ActiveCfg = Debug|x64
		{850B8CEA-EE6D-476A-86D1-89037A9D2AD1}.Debug|x64.Build.0 = Debug|x64
		{850B8CEA-EE6D-476A-86D1-89037A9D2AD1}.Debug|x86.ActiveCfg = Debug|Win32
		{850B8CEA-EE6D-476A-86D1-89037A9D2AD1}.Debug|x86.Build.0 = Debug|Win32
		{850B8CEA-EE6D-476A-86D1-89037A9D2AD1}.Release|x64.ActiveCfg = Release|x64
		{850B8CEA-EE6D-476A-86D1-89037A9D2AD1}.Release|x64.Build.0 = Release|x64
		{850B8CEA-EE6D-476A-86D1-89037A9D2AD1}.Release|x86.ActiveCfg = Release|Win32
		{850B8CEA-EE6D-476A-86D1-89037A9D2AD1}.Release|x86.Build.0 = Release|Win32
		{C0AAD5D6-3EE1-4A31-BE46-724539E7D8BC}.Debug|x64.ActiveCfg = Debug|x64
		{C0AAD5D6-3EE1-4A31-BE46-724539E7D8BC}.Debug|x64.Build.0 = Debug|x64
		{C0AAD5D6-3EE1-4A31-BE46-724539E7D8BC}.Debug|x86.ActiveCfg = Debug|Win32
		{C0AAD5D6-3EE1-4A31-BE46-724539E7D8BC}.Debug|x86.Build.0 = Debug|Win32
		{C0AAD5D6-3EE1-4A31-BE46-724539E7D8BC}.Release|x64.ActiveCfg = Release|x64
		{C0AAD5D6-3EE1-4A31-BE46-724539E7D8BC}.Release|x64.Build.0 = Release|x64
		{C0AAD5D6-3EE1-4A31-BE46-724539E7D8BC}.Release|x86.ActiveCfg = Release|Win32
		{C0AAD5D6-3EE1-4A31-BE46-724539E7D8BC}.Release|x86.Build.0 = Release|Win32
	EndGlobalSection
	GlobalSection(SolutionProperties) = preSolution
		HideSolutionNode = FALSE
	EndGlobalSection
	GlobalSection(ExtensibilityGlobals) = postSolution
		SolutionGuid = {78C79CA6-2645-4CF9-92BD-41A3CA1BBE2F}
	EndGlobalSection
EndGlobal
